Microsoft Visual Studio Solution File, Format Version 12.00
# Visual Studio 2012
Project("{FAE04EC0-301F-11D3-BF4B-00C04F79EFBC}") = "IMGD Group 4 Game", "IMGD Group 4 Game.csproj", "{DFE9B5B7-42D5-4B7F-81CC-6CC826091B01}"
EndProject
Global
	GlobalSection(SolutionConfigurationPlatforms) = preSolution
	Debug|Any CPU = Debug|Any CPU
	ExportDebug|Any CPU = ExportDebug|Any CPU
	ExportRelease|Any CPU = ExportRelease|Any CPU
	EndGlobalSection
	GlobalSection(ProjectConfigurationPlatforms) = postSolution
		{DFE9B5B7-42D5-4B7F-81CC-6CC826091B01}.Debug|Any CPU.ActiveCfg = Debug|Any CPU
		{DFE9B5B7-42D5-4B7F-81CC-6CC826091B01}.Debug|Any CPU.Build.0 = Debug|Any CPU
		{DFE9B5B7-42D5-4B7F-81CC-6CC826091B01}.ExportDebug|Any CPU.ActiveCfg = ExportDebug|Any CPU
		{DFE9B5B7-42D5-4B7F-81CC-6CC826091B01}.ExportDebug|Any CPU.Build.0 = ExportDebug|Any CPU
		{DFE9B5B7-42D5-4B7F-81CC-6CC826091B01}.ExportRelease|Any CPU.ActiveCfg = ExportRelease|Any CPU
		{DFE9B5B7-42D5-4B7F-81CC-6CC826091B01}.ExportRelease|Any CPU.Build.0 = ExportRelease|Any CPU
	EndGlobalSection
EndGlobal
